
Microsoft Visual Studio Solution File, Format Version 11.00
# Visual C# Express 2010
Project("{FAE04EC0-301F-11D3-BF4B-00C04F79EFBC}") = "Messenger", "Messenger\Messenger.csproj", "{E58BF82A-3DB4-4B70-95B2-22B6A22C101D}"
EndProject
Global
	GlobalSection(SolutionConfigurationPlatforms) = preSolution
		Debug|Any CPU = Debug|Any CPU
		Release|Any CPU = Release|Any CPU
	EndGlobalSection
	GlobalSection(ProjectConfigurationPlatforms) = postSolution
		{E58BF82A-3DB4-4B70-95B2-22B6A22C101D}.Debug|Any CPU.ActiveCfg = Debug|Any CPU
		{E58BF82A-3DB4-4B70-95B2-22B6A22C101D}.Debug|Any CPU.Build.0 = Debug|Any CPU
		{E58BF82A-3DB4-4B70-95B2-22B6A22C101D}.Release|Any CPU.ActiveCfg = Release|Any CPU
		{E58BF82A-3DB4-4B70-95B2-22B6A22C101D}.Release|Any CPU.Build.0 = Release|Any CPU
	EndGlobalSection
	GlobalSection(SolutionProperties) = preSolution
		HideSolutionNode = FALSE
	EndGlobalSection
EndGlobal
